<?xml version="1.0" encoding="utf-8"?>
<Project ToolsVersion="4.0" xmlns="http://schemas.microsoft.com/developer/msbuild/2003">
  <ItemGroup>
    <ClCompile Include="dllmain.cpp" />
    <ClCompile Include="SQFuncs.cpp" />
    <ClCompile Include="SQEvents.cpp" />
  </ItemGroup>
  <ItemGroup>
    <ClInclude Include="main.h" />
    <ClInclude Include="vcmp.h" />
    <ClInclude Include="SQFuncs.h" />
    <ClInclude Include="SQEvents.h" />
    <ClInclude Include="SimpleIni.h" />
  </ItemGroup>
</Project>